// !$*UTF8*$!
{
	archiveVersion = 1;
	classes = {
	};
	objectVersion = 46;
	objects = {

/* Begin PBXBuildFile section */
		88D9255619FC5ED5002FCD3A /* AppDelegate.swift in Sources */ = {isa = PBXBuildFile; fileRef = 88D9255519FC5ED5002FCD3A /* AppDelegate.swift */; };
		88D9255819FC5ED5002FCD3A /* ViewController.swift in Sources */ = {isa = PBXBuildFile; fileRef = 88D9255719FC5ED5002FCD3A /* ViewController.swift */; };
		88D9255B19FC5ED5002FCD3A /* Main.storyboard in Resources */ = {isa = PBXBuildFile; fileRef = 88D9255919FC5ED5002FCD3A /* Main.storyboard */; };
		88D9255D19FC5ED5002FCD3A /* Images.xcassets in Resources */ = {isa = PBXBuildFile; fileRef = 88D9255C19FC5ED5002FCD3A /* Images.xcassets */; };
		88D9256019FC5ED5002FCD3A /* LaunchScreen.xib in Resources */ = {isa = PBXBuildFile; fileRef = 88D9255E19FC5ED5002FCD3A /* LaunchScreen.xib */; };
		88D9256C19FC5ED5002FCD3A /* _9_Red_BalloonsTests.swift in Sources */ = {isa = PBXBuildFile; fileRef = 88D9256B19FC5ED5002FCD3A /* _9_Red_BalloonsTests.swift */; };
		88D9257B19FC5F02002FCD3A /* BerlinTVTower.jpg in Resources */ = {isa = PBXBuildFile; fileRef = 88D9257619FC5F02002FCD3A /* BerlinTVTower.jpg */; };
		88D9257C19FC5F02002FCD3A /* RedBalloon1.jpg in Resources */ = {isa = PBXBuildFile; fileRef = 88D9257719FC5F02002FCD3A /* RedBalloon1.jpg */; };
		88D9257D19FC5F02002FCD3A /* RedBalloon2.jpg in Resources */ = {isa = PBXBuildFile; fileRef = 88D9257819FC5F02002FCD3A /* RedBalloon2.jpg */; };
		88D9257E19FC5F02002FCD3A /* RedBalloon3.jpg in Resources */ = {isa = PBXBuildFile; fileRef = 88D9257919FC5F02002FCD3A /* RedBalloon3.jpg */; };
		88D9257F19FC5F02002FCD3A /* RedBalloon4.jpg in Resources */ = {isa = PBXBuildFile; fileRef = 88D9257A19FC5F02002FCD3A /* RedBalloon4.jpg */; };
		88D9258119FD16A9002FCD3A /* Balloon.swift in Sources */ = {isa = PBXBuildFile; fileRef = 88D9258019FD16A9002FCD3A /* Balloon.swift */; };
/* End PBXBuildFile section */

/* Begin PBXContainerItemProxy section */
		88D9256619FC5ED5002FCD3A /* PBXContainerItemProxy */ = {
			isa = PBXContainerItemProxy;
			containerPortal = 88D9254819FC5ED5002FCD3A /* Project object */;
			proxyType = 1;
			remoteGlobalIDString = 88D9254F19FC5ED5002FCD3A;
			remoteInfo = "99 Red Balloons";
		};
/* End PBXContainerItemProxy section */

/* Begin PBXFileReference section */
		88D9255019FC5ED5002FCD3A /* 99 Red Balloons.app */ = {isa = PBXFileReference; explicitFileType = wrapper.application; includeInIndex = 0; path = "99 Red Balloons.app"; sourceTree = BUILT_PRODUCTS_DIR; };
		88D9255419FC5ED5002FCD3A /* Info.plist */ = {isa = PBXFileReference; lastKnownFileType = text.plist.xml; path = Info.plist; sourceTree = "<group>"; };
		88D9255519FC5ED5002FCD3A /* AppDelegate.swift */ = {isa = PBXFileReference; lastKnownFileType = sourcecode.swift; path = AppDelegate.swift; sourceTree = "<group>"; };
		88D9255719FC5ED5002FCD3A /* ViewController.swift */ = {isa = PBXFileReference; lastKnownFileType = sourcecode.swift; path = ViewController.swift; sourceTree = "<group>"; };
		88D9255A19FC5ED5002FCD3A /* Base */ = {isa = PBXFileReference; lastKnownFileType = file.storyboard; name = Base; path = Base.lproj/Main.storyboard; sourceTree = "<group>"; };
		88D9255C19FC5ED5002FCD3A /* Images.xcassets */ = {isa = PBXFileReference; lastKnownFileType = folder.assetcatalog; path = Images.xcassets; sourceTree = "<group>"; };
		88D9255F19FC5ED5002FCD3A /* Base */ = {isa = PBXFileReference; lastKnownFileType = file.xib; name = Base; path = Base.lproj/LaunchScreen.xib; sourceTree = "<group>"; };
		88D9256519FC5ED5002FCD3A /* 99 Red BalloonsTests.xctest */ = {isa = PBXFileReference; explicitFileType = wrapper.cfbundle; includeInIndex = 0; path = "99 Red BalloonsTests.xctest"; sourceTree = BUILT_PRODUCTS_DIR; };
		88D9256A19FC5ED5002FCD3A /* Info.plist */ = {isa = PBXFileReference; lastKnownFileType = text.plist.xml; path = Info.plist; sourceTree = "<group>"; };
		88D9256B19FC5ED5002FCD3A /* _9_Red_BalloonsTests.swift */ = {isa = PBXFileReference; lastKnownFileType = sourcecode.swift; path = _9_Red_BalloonsTests.swift; sourceTree = "<group>"; };
		88D9257619FC5F02002FCD3A /* BerlinTVTower.jpg */ = {isa = PBXFileReference; lastKnownFileType = image.jpeg; path = BerlinTVTower.jpg; sourceTree = "<group>"; };
		88D9257719FC5F02002FCD3A /* RedBalloon1.jpg */ = {isa = PBXFileReference; lastKnownFileType = image.jpeg; path = RedBalloon1.jpg; sourceTree = "<group>"; };
		88D9257819FC5F02002FCD3A /* RedBalloon2.jpg */ = {isa = PBXFileReference; lastKnownFileType = image.jpeg; path = RedBalloon2.jpg; sourceTree = "<group>"; };
		88D9257919FC5F02002FCD3A /* RedBalloon3.jpg */ = {isa = PBXFileReference; lastKnownFileType = image.jpeg; path = RedBalloon3.jpg; sourceTree = "<group>"; };
		88D9257A19FC5F02002FCD3A /* RedBalloon4.jpg */ = {isa = PBXFileReference; lastKnownFileType = image.jpeg; path = RedBalloon4.jpg; sourceTree = "<group>"; };
		88D9258019FD16A9002FCD3A /* Balloon.swift */ = {isa = PBXFileReference; fileEncoding = 4; lastKnownFileType = sourcecode.swift; path = Balloon.swift; sourceTree = "<group>"; };
/* End PBXFileReference section */

/* Begin PBXFrameworksBuildPhase section */
		88D9254D19FC5ED5002FCD3A /* Frameworks */ = {
			isa = PBXFrameworksBuildPhase;
			buildActionMask = 2147483647;
			files = (
			);
			runOnlyForDeploymentPostprocessing = 0;
		};
		88D9256219FC5ED5002FCD3A /* Frameworks */ = {
			isa = PBXFrameworksBuildPhase;
			buildActionMask = 2147483647;
			files = (
			);
			runOnlyForDeploymentPostprocessing = 0;
		};
/* End PBXFrameworksBuildPhase section */

/* Begin PBXGroup section */
		88D9254719FC5ED5002FCD3A = {
			isa = PBXGroup;
			children = (
				88D9255219FC5ED5002FCD3A /* 99 Red Balloons */,
				88D9256819FC5ED5002FCD3A /* 99 Red BalloonsTests */,
				88D9255119FC5ED5002FCD3A /* Products */,
			);
			sourceTree = "<group>";
		};
		88D9255119FC5ED5002FCD3A /* Products */ = {
			isa = PBXGroup;
			children = (
				88D9255019FC5ED5002FCD3A /* 99 Red Balloons.app */,
				88D9256519FC5ED5002FCD3A /* 99 Red BalloonsTests.xctest */,
			);
			name = Products;
			sourceTree = "<group>";
		};
		88D9255219FC5ED5002FCD3A /* 99 Red Balloons */ = {
			isa = PBXGroup;
			children = (
				88D9255919FC5ED5002FCD3A /* Main.storyboard */,
				88D9255519FC5ED5002FCD3A /* AppDelegate.swift */,
				88D9258019FD16A9002FCD3A /* Balloon.swift */,
				88D9255719FC5ED5002FCD3A /* ViewController.swift */,
				88D9255C19FC5ED5002FCD3A /* Images.xcassets */,
				88D9255E19FC5ED5002FCD3A /* LaunchScreen.xib */,
				88D9255319FC5ED5002FCD3A /* Supporting Files */,
			);
			path = "99 Red Balloons";
			sourceTree = "<group>";
		};
		88D9255319FC5ED5002FCD3A /* Supporting Files */ = {
			isa = PBXGroup;
			children = (
				88D9257519FC5EEC002FCD3A /* images */,
				88D9255419FC5ED5002FCD3A /* Info.plist */,
			);
			name = "Supporting Files";
			sourceTree = "<group>";
		};
		88D9256819FC5ED5002FCD3A /* 99 Red BalloonsTests */ = {
			isa = PBXGroup;
			children = (
				88D9256B19FC5ED5002FCD3A /* _9_Red_BalloonsTests.swift */,
				88D9256919FC5ED5002FCD3A /* Supporting Files */,
			);
			path = "99 Red BalloonsTests";
			sourceTree = "<group>";
		};
		88D9256919FC5ED5002FCD3A /* Supporting Files */ = {
			isa = PBXGroup;
			children = (
				88D9256A19FC5ED5002FCD3A /* Info.plist */,
			);
			name = "Supporting Files";
			sourceTree = "<group>";
		};
		88D9257519FC5EEC002FCD3A /* images */ = {
			isa = PBXGroup;
			children = (
				88D9257619FC5F02002FCD3A /* BerlinTVTower.jpg */,
				88D9257719FC5F02002FCD3A /* RedBalloon1.jpg */,
				88D9257819FC5F02002FCD3A /* RedBalloon2.jpg */,
				88D9257919FC5F02002FCD3A /* RedBalloon3.jpg */,
				88D9257A19FC5F02002FCD3A /* RedBalloon4.jpg */,
			);
			name = images;
			sourceTree = "<group>";
		};
/* End PBXGroup section */

/* Begin PBXNativeTarget section */
		88D9254F19FC5ED5002FCD3A /* 99 Red Balloons */ = {
			isa = PBXNativeTarget;
			buildConfigurationList = 88D9256F19FC5ED5002FCD3A /* Build configuration list for PBXNativeTarget "99 Red Balloons" */;
			buildPhases = (
				88D9254C19FC5ED5002FCD3A /* Sources */,
				88D9254D19FC5ED5002FCD3A /* Frameworks */,
				88D9254E19FC5ED5002FCD3A /* Resources */,
			);
			buildRules = (
			);
			dependencies = (
			);
			name = "99 Red Balloons";
			productName = "99 Red Balloons";
			productReference = 88D9255019FC5ED5002FCD3A /* 99 Red Balloons.app */;
			productType = "com.apple.product-type.application";
		};
		88D9256419FC5ED5002FCD3A /* 99 Red BalloonsTests */ = {
			isa = PBXNativeTarget;
			buildConfigurationList = 88D9257219FC5ED5002FCD3A /* Build configuration list for PBXNativeTarget "99 Red BalloonsTests" */;
			buildPhases = (
				88D9256119FC5ED5002FCD3A /* Sources */,
				88D9256219FC5ED5002FCD3A /* Frameworks */,
				88D9256319FC5ED5002FCD3A /* Resources */,
			);
			buildRules = (
			);
			dependencies = (
				88D9256719FC5ED5002FCD3A /* PBXTargetDependency */,
			);
			name = "99 Red BalloonsTests";
			productName = "99 Red BalloonsTests";
			productReference = 88D9256519FC5ED5002FCD3A /* 99 Red BalloonsTests.xctest */;
			productType = "com.apple.product-type.bundle.unit-test";
		};
/* End PBXNativeTarget section */

/* Begin PBXProject section */
		88D9254819FC5ED5002FCD3A /* Project object */ = {
			isa = PBXProject;
			attributes = {
				LastUpgradeCheck = 0610;
				ORGANIZATIONNAME = "Spider Monkey Tech";
				TargetAttributes = {
					88D9254F19FC5ED5002FCD3A = {
						CreatedOnToolsVersion = 6.1;
					};
					88D9256419FC5ED5002FCD3A = {
						CreatedOnToolsVersion = 6.1;
						TestTargetID = 88D9254F19FC5ED5002FCD3A;
					};
				};
			};
			buildConfigurationList = 88D9254B19FC5ED5002FCD3A /* Build configuration list for PBXProject "99 Red Balloons" */;
			compatibilityVersion = "Xcode 3.2";
			developmentRegion = English;
			hasScannedForEncodings = 0;
			knownRegions = (
				en,
				Base,
			);
			mainGroup = 88D9254719FC5ED5002FCD3A;
			productRefGroup = 88D9255119FC5ED5002FCD3A /* Products */;
			projectDirPath = "";
			projectRoot = "";
			targets = (
				88D9254F19FC5ED5002FCD3A /* 99 Red Balloons */,
				88D9256419FC5ED5002FCD3A /* 99 Red BalloonsTests */,
			);
		};
/* End PBXProject section */

/* Begin PBXResourcesBuildPhase section */
		88D9254E19FC5ED5002FCD3A /* Resources */ = {
			isa = PBXResourcesBuildPhase;
			buildActionMask = 2147483647;
			files = (
				88D9257D19FC5F02002FCD3A /* RedBalloon2.jpg in Resources */,
				88D9255B19FC5ED5002FCD3A /* Main.storyboard in Resources */,
				88D9257E19FC5F02002FCD3A /* RedBalloon3.jpg in Resources */,
				88D9256019FC5ED5002FCD3A /* LaunchScreen.xib in Resources */,
				88D9257F19FC5F02002FCD3A /* RedBalloon4.jpg in Resources */,
				88D9255D19FC5ED5002FCD3A /* Images.xcassets in Resources */,
				88D9257C19FC5F02002FCD3A /* RedBalloon1.jpg in Resources */,
				88D9257B19FC5F02002FCD3A /* BerlinTVTower.jpg in Resources */,
			);
			runOnlyForDeploymentPostprocessing = 0;
		};
		88D9256319FC5ED5002FCD3A /* Resources */ = {
			isa = PBXResourcesBuildPhase;
			buildActionMask = 2147483647;
			files = (
			);
			runOnlyForDeploymentPostprocessing = 0;
		};
/* End PBXResourcesBuildPhase section */

/* Begin PBXSourcesBuildPhase section */
		88D9254C19FC5ED5002FCD3A /* Sources */ = {
			isa = PBXSourcesBuildPhase;
			buildActionMask = 2147483647;
			files = (
				88D9255819FC5ED5002FCD3A /* ViewController.swift in Sources */,
				88D9258119FD16A9002FCD3A /* Balloon.swift in Sources */,
				88D9255619FC5ED5002FCD3A /* AppDelegate.swift in Sources */,
			);
			runOnlyForDeploymentPostprocessing = 0;
		};
		88D9256119FC5ED5002FCD3A /* Sources */ = {
			isa = PBXSourcesBuildPhase;
			buildActionMask = 2147483647;
			files = (
				88D9256C19FC5ED5002FCD3A /* _9_Red_BalloonsTests.swift in Sources */,
			);
			runOnlyForDeploymentPostprocessing = 0;
		};
/* End PBXSourcesBuildPhase section */

/* Begin PBXTargetDependency section */
		88D9256719FC5ED5002FCD3A /* PBXTargetDependency */ = {
			isa = PBXTargetDependency;
			target = 88D9254F19FC5ED5002FCD3A /* 99 Red Balloons */;
			targetProxy = 88D9256619FC5ED5002FCD3A /* PBXContainerItemProxy */;
		};
/* End PBXTargetDependency section */

/* Begin PBXVariantGroup section */
		88D9255919FC5ED5002FCD3A /* Main.storyboard */ = {
			isa = PBXVariantGroup;
			children = (
				88D9255A19FC5ED5002FCD3A /* Base */,
			);
			name = Main.storyboard;
			sourceTree = "<group>";
		};
		88D9255E19FC5ED5002FCD3A /* LaunchScreen.xib */ = {
			isa = PBXVariantGroup;
			children = (
				88D9255F19FC5ED5002FCD3A /* Base */,
			);
			name = LaunchScreen.xib;
			sourceTree = "<group>";
		};
/* End PBXVariantGroup section */

/* Begin XCBuildConfiguration section */
		88D9256D19FC5ED5002FCD3A /* Debug */ = {
			isa = XCBuildConfiguration;
			buildSettings = {
				ALWAYS_SEARCH_USER_PATHS = NO;
				CLANG_CXX_LANGUAGE_STANDARD = "gnu++0x";
				CLANG_CXX_LIBRARY = "libc++";
				CLANG_ENABLE_MODULES = YES;
				CLANG_ENABLE_OBJC_ARC = YES;
				CLANG_WARN_BOOL_CONVERSION = YES;
				CLANG_WARN_CONSTANT_CONVERSION = YES;
				CLANG_WARN_DIRECT_OBJC_ISA_USAGE = YES_ERROR;
				CLANG_WARN_EMPTY_BODY = YES;
				CLANG_WARN_ENUM_CONVERSION = YES;
				CLANG_WARN_INT_CONVERSION = YES;
				CLANG_WARN_OBJC_ROOT_CLASS = YES_ERROR;
				CLANG_WARN_UNREACHABLE_CODE = YES;
				CLANG_WARN__DUPLICATE_METHOD_MATCH = YES;
				"CODE_SIGN_IDENTITY[sdk=iphoneos*]" = "iPhone Developer";
				COPY_PHASE_STRIP = NO;
				ENABLE_STRICT_OBJC_MSGSEND = YES;
				GCC_C_LANGUAGE_STANDARD = gnu99;
				GCC_DYNAMIC_NO_PIC = NO;
				GCC_OPTIMIZATION_LEVEL = 0;
				GCC_PREPROCESSOR_DEFINITIONS = (
					"DEBUG=1",
					"$(inherited)",
				);
				GCC_SYMBOLS_PRIVATE_EXTERN = NO;
				GCC_WARN_64_TO_32_BIT_CONVERSION = YES;
				GCC_WARN_ABOUT_RETURN_TYPE = YES_ERROR;
				GCC_WARN_UNDECLARED_SELECTOR = YES;
				GCC_WARN_UNINITIALIZED_AUTOS = YES_AGGRESSIVE;
				GCC_WARN_UNUSED_FUNCTION = YES;
				GCC_WARN_UNUSED_VARIABLE = YES;
				IPHONEOS_DEPLOYMENT_TARGET = 8.1;
				MTL_ENABLE_DEBUG_INFO = YES;
				ONLY_ACTIVE_ARCH = YES;
				SDKROOT = iphoneos;
				SWIFT_OPTIMIZATION_LEVEL = "-Onone";
				TARGETED_DEVICE_FAMILY = "1,2";
			};
			name = Debug;
		};
		88D9256E19FC5ED5002FCD3A /* Release */ = {
			isa = XCBuildConfiguration;
			buildSettings = {
				ALWAYS_SEARCH_USER_PATHS = NO;
				CLANG_CXX_LANGUAGE_STANDARD = "gnu++0x";
				CLANG_CXX_LIBRARY = "libc++";
				CLANG_ENABLE_MODULES = YES;
				CLANG_ENABLE_OBJC_ARC = YES;
				CLANG_WARN_BOOL_CONVERSION = YES;
				CLANG_WARN_CONSTANT_CONVERSION = YES;
				CLANG_WARN_DIRECT_OBJC_ISA_USAGE = YES_ERROR;
				CLANG_WARN_EMPTY_BODY = YES;
				CLANG_WARN_ENUM_CONVERSION = YES;
				CLANG_WARN_INT_CONVERSION = YES;
				CLANG_WARN_OBJC_ROOT_CLASS = YES_ERROR;
				CLANG_WARN_UNREACHABLE_CODE = YES;
				CLANG_WARN__DUPLICATE_METHOD_MATCH = YES;
				"CODE_SIGN_IDENTITY[sdk=iphoneos*]" = "iPhone Developer";
				COPY_PHASE_STRIP = YES;
				ENABLE_NS_ASSERTIONS = NO;
				ENABLE_STRICT_OBJC_MSGSEND = YES;
				GCC_C_LANGUAGE_STANDARD = gnu99;
				GCC_WARN_64_TO_32_BIT_CONVERSION = YES;
				GCC_WARN_ABOUT_RETURN_TYPE = YES_ERROR;
				GCC_WARN_UNDECLARED_SELECTOR = YES;
				GCC_WARN_UNINITIALIZED_AUTOS = YES_AGGRESSIVE;
				GCC_WARN_UNUSED_FUNCTION = YES;
				GCC_WARN_UNUSED_VARIABLE = YES;
				IPHONEOS_DEPLOYMENT_TARGET = 8.1;
				MTL_ENABLE_DEBUG_INFO = NO;
				SDKROOT = iphoneos;
				TARGETED_DEVICE_FAMILY = "1,2";
				VALIDATE_PRODUCT = YES;
			};
			name = Release;
		};
		88D9257019FC5ED5002FCD3A /* Debug */ = {
			isa = XCBuildConfiguration;
			buildSettings = {
				ASSETCATALOG_COMPILER_APPICON_NAME = AppIcon;
				INFOPLIST_FILE = "99 Red Balloons/Info.plist";
				LD_RUNPATH_SEARCH_PATHS = "$(inherited) @executable_path/Frameworks";
				PRODUCT_NAME = "$(TARGET_NAME)";
			};
			name = Debug;
		};
		88D9257119FC5ED5002FCD3A /* Release */ = {
			isa = XCBuildConfiguration;
			buildSettings = {
				ASSETCATALOG_COMPILER_APPICON_NAME = AppIcon;
				INFOPLIST_FILE = "99 Red Balloons/Info.plist";
				LD_RUNPATH_SEARCH_PATHS = "$(inherited) @executable_path/Frameworks";
				PRODUCT_NAME = "$(TARGET_NAME)";
			};
			name = Release;
		};
		88D9257319FC5ED5002FCD3A /* Debug */ = {
			isa = XCBuildConfiguration;
			buildSettings = {
				BUNDLE_LOADER = "$(TEST_HOST)";
				FRAMEWORK_SEARCH_PATHS = (
					"$(SDKROOT)/Developer/Library/Frameworks",
					"$(inherited)",
				);
				GCC_PREPROCESSOR_DEFINITIONS = (
					"DEBUG=1",
					"$(inherited)",
				);
				INFOPLIST_FILE = "99 Red BalloonsTests/Info.plist";
				LD_RUNPATH_SEARCH_PATHS = "$(inherited) @executable_path/Frameworks @loader_path/Frameworks";
				PRODUCT_NAME = "$(TARGET_NAME)";
				TEST_HOST = "$(BUILT_PRODUCTS_DIR)/99 Red Balloons.app/99 Red Balloons";
			};
			name = Debug;
		};
		88D9257419FC5ED5002FCD3A /* Release */ = {
			isa = XCBuildConfiguration;
			buildSettings = {
				BUNDLE_LOADER = "$(TEST_HOST)";
				FRAMEWORK_SEARCH_PATHS = (
					"$(SDKROOT)/Developer/Library/Frameworks",
					"$(inherited)",
				);
				INFOPLIST_FILE = "99 Red BalloonsTests/Info.plist";
				LD_RUNPATH_SEARCH_PATHS = "$(inherited) @executable_path/Frameworks @loader_path/Frameworks";
				PRODUCT_NAME = "$(TARGET_NAME)";
				TEST_HOST = "$(BUILT_PRODUCTS_DIR)/99 Red Balloons.app/99 Red Balloons";
			};
			name = Release;
		};
/* End XCBuildConfiguration section */

/* Begin XCConfigurationList section */
		88D9254B19FC5ED5002FCD3A /* Build configuration list for PBXProject "99 Red Balloons" */ = {
			isa = XCConfigurationList;
			buildConfigurations = (
				88D9256D19FC5ED5002FCD3A /* Debug */,
				88D9256E19FC5ED5002FCD3A /* Release */,
			);
			defaultConfigurationIsVisible = 0;
			defaultConfigurationName = Release;
		};
		88D9256F19FC5ED5002FCD3A /* Build configuration list for PBXNativeTarget "99 Red Balloons" */ = {
			isa = XCConfigurationList;
			buildConfigurations = (
				88D9257019FC5ED5002FCD3A /* Debug */,
				88D9257119FC5ED5002FCD3A /* Release */,
			);
			defaultConfigurationIsVisible = 0;
		};
		88D9257219FC5ED5002FCD3A /* Build configuration list for PBXNativeTarget "99 Red BalloonsTests" */ = {
			isa = XCConfigurationList;
			buildConfigurations = (
				88D9257319FC5ED5002FCD3A /* Debug */,
				88D9257419FC5ED5002FCD3A /* Release */,
			);
			defaultConfigurationIsVisible = 0;
		};
/* End XCConfigurationList section */
	};
	rootObject = 88D9254819FC5ED5002FCD3A /* Project object */;
}
